
Microsoft Visual Studio Solution File, Format Version 12.00
# Visual Studio 14
VisualStudioVersion = 14.0.25420.1
MinimumVisualStudioVersion = 10.0.40219.1
Project("{FAE04EC0-301F-11D3-BF4B-00C04F79EFBC}") = "ImobiliariaTriVaga.WebApi", "ImobiliariaTriVaga\ImobiliariaTriVaga.WebApi.csproj", "{79891080-AA2C-486C-BF69-6F3B6DD9C9FD}"
EndProject
Project("{FAE04EC0-301F-11D3-BF4B-00C04F79EFBC}") = "ImobiliariaTriVaga.Infraestrutura", "ImobiliariaTriVaga.Infraestrutura\ImobiliariaTriVaga.Infraestrutura.csproj", "{DDF5A570-E7E0-4C30-904A-0F4F427D17FC}"
EndProject
Global
	GlobalSection(SolutionConfigurationPlatforms) = preSolution
		Debug|Any CPU = Debug|Any CPU
		Release|Any CPU = Release|Any CPU
	EndGlobalSection
	GlobalSection(ProjectConfigurationPlatforms) = postSolution
		{79891080-AA2C-486C-BF69-6F3B6DD9C9FD}.Debug|Any CPU.ActiveCfg = Debug|Any CPU
		{79891080-AA2C-486C-BF69-6F3B6DD9C9FD}.Debug|Any CPU.Build.0 = Debug|Any CPU
		{79891080-AA2C-486C-BF69-6F3B6DD9C9FD}.Release|Any CPU.ActiveCfg = Release|Any CPU
		{79891080-AA2C-486C-BF69-6F3B6DD9C9FD}.Release|Any CPU.Build.0 = Release|Any CPU
		{DDF5A570-E7E0-4C30-904A-0F4F427D17FC}.Debug|Any CPU.ActiveCfg = Debug|Any CPU
		{DDF5A570-E7E0-4C30-904A-0F4F427D17FC}.Debug|Any CPU.Build.0 = Debug|Any CPU
		{DDF5A570-E7E0-4C30-904A-0F4F427D17FC}.Release|Any CPU.ActiveCfg = Release|Any CPU
		{DDF5A570-E7E0-4C30-904A-0F4F427D17FC}.Release|Any CPU.Build.0 = Release|Any CPU
	EndGlobalSection
	GlobalSection(SolutionProperties) = preSolution
		HideSolutionNode = FALSE
	EndGlobalSection
EndGlobal
